
Microsoft Visual Studio Solution File, Format Version 12.00
# Visual Studio Version 16
VisualStudioVersion = 16.0.28714.193
MinimumVisualStudioVersion = 10.0.40219.1
Project("{FAE04EC0-301F-11D3-BF4B-00C04F79EFBC}") = "TwitterSentimentAnalysis", "TwitterSentimentAnalysis\TwitterSentimentAnalysis.csproj", "{1386DCCD-593C-42BA-BFFE-7A8E3943BDF4}"
EndProject
Project("{F088123C-0E9E-452A-89E6-6BA2F21D5CAC}") = "DependencyValidation1", "DependencyValidation1\DependencyValidation1.modelproj", "{75136A70-82EF-4261-AC8C-3E79D6E58124}"
EndProject
Global
	GlobalSection(SolutionConfigurationPlatforms) = preSolution
		Debug|Any CPU = Debug|Any CPU
		Release|Any CPU = Release|Any CPU
	EndGlobalSection
	GlobalSection(ProjectConfigurationPlatforms) = postSolution
		{1386DCCD-593C-42BA-BFFE-7A8E3943BDF4}.Debug|Any CPU.ActiveCfg = Debug|Any CPU
		{1386DCCD-593C-42BA-BFFE-7A8E3943BDF4}.Debug|Any CPU.Build.0 = Debug|Any CPU
		{1386DCCD-593C-42BA-BFFE-7A8E3943BDF4}.Release|Any CPU.ActiveCfg = Release|Any CPU
		{1386DCCD-593C-42BA-BFFE-7A8E3943BDF4}.Release|Any CPU.Build.0 = Release|Any CPU
		{75136A70-82EF-4261-AC8C-3E79D6E58124}.Debug|Any CPU.ActiveCfg = Debug|Any CPU
		{75136A70-82EF-4261-AC8C-3E79D6E58124}.Debug|Any CPU.Build.0 = Debug|Any CPU
		{75136A70-82EF-4261-AC8C-3E79D6E58124}.Release|Any CPU.ActiveCfg = Release|Any CPU
		{75136A70-82EF-4261-AC8C-3E79D6E58124}.Release|Any CPU.Build.0 = Release|Any CPU
	EndGlobalSection
	GlobalSection(SolutionProperties) = preSolution
		HideSolutionNode = FALSE
	EndGlobalSection
	GlobalSection(ExtensibilityGlobals) = postSolution
		SolutionGuid = {DE116108-7F7C-429B-88EA-5A19ADDB75AE}
	EndGlobalSection
EndGlobal
